
Microsoft Visual Studio Solution File, Format Version 12.00
# Visual Studio Version 17
VisualStudioVersion = 17.5.33516.290
MinimumVisualStudioVersion = 10.0.40219.1
Project("{FAE04EC0-301F-11D3-BF4B-00C04F79EFBC}") = "BanPC", "BanPC\BanPC.csproj", "{7B0F94D2-7379-4353-BB47-83C6F67EFC9E}"
EndProject
Project("{FAE04EC0-301F-11D3-BF4B-00C04F79EFBC}") = "MyClass", "MyClass\MyClass.csproj", "{CEF1B855-8E77-4084-802B-0B47FC6ECC2E}"
EndProject
Global
	GlobalSection(SolutionConfigurationPlatforms) = preSolution
		Debug|Any CPU = Debug|Any CPU
		Release|Any CPU = Release|Any CPU
	EndGlobalSection
	GlobalSection(ProjectConfigurationPlatforms) = postSolution
		{7B0F94D2-7379-4353-BB47-83C6F67EFC9E}.Debug|Any CPU.ActiveCfg = Debug|Any CPU
		{7B0F94D2-7379-4353-BB47-83C6F67EFC9E}.Debug|Any CPU.Build.0 = Debug|Any CPU
		{7B0F94D2-7379-4353-BB47-83C6F67EFC9E}.Release|Any CPU.ActiveCfg = Release|Any CPU
		{7B0F94D2-7379-4353-BB47-83C6F67EFC9E}.Release|Any CPU.Build.0 = Release|Any CPU
		{CEF1B855-8E77-4084-802B-0B47FC6ECC2E}.Debug|Any CPU.ActiveCfg = Debug|Any CPU
		{CEF1B855-8E77-4084-802B-0B47FC6ECC2E}.Debug|Any CPU.Build.0 = Debug|Any CPU
		{CEF1B855-8E77-4084-802B-0B47FC6ECC2E}.Release|Any CPU.ActiveCfg = Release|Any CPU
		{CEF1B855-8E77-4084-802B-0B47FC6ECC2E}.Release|Any CPU.Build.0 = Release|Any CPU
	EndGlobalSection
	GlobalSection(SolutionProperties) = preSolution
		HideSolutionNode = FALSE
	EndGlobalSection
	GlobalSection(ExtensibilityGlobals) = postSolution
		SolutionGuid = {37CE43A3-8214-4C04-979A-E2E1B737D9C0}
	EndGlobalSection
EndGlobal
